
Microsoft Visual Studio Solution File, Format Version 12.00
# Visual Studio Version 16
VisualStudioVersion = 16.0.29409.12
MinimumVisualStudioVersion = 10.0.40219.1
Project("{FAE04EC0-301F-11D3-BF4B-00C04F79EFBC}") = "SegundoParcialWF", "SegundoParcialWF.csproj", "{2AEC677B-3E15-493E-BC51-62776C9A3F01}"
EndProject
Project("{FAE04EC0-301F-11D3-BF4B-00C04F79EFBC}") = "BLL", "..\BLL\BLL.csproj", "{1E251BA8-798F-405B-B844-79AD9E412A76}"
EndProject
Project("{FAE04EC0-301F-11D3-BF4B-00C04F79EFBC}") = "DAL", "..\DAL\DAL.csproj", "{C1CF9BA6-5F19-4AB6-9E63-688DA23E8D11}"
EndProject
Project("{FAE04EC0-301F-11D3-BF4B-00C04F79EFBC}") = "Entity", "..\Entity\Entity.csproj", "{8055EAAE-625C-4FA8-948A-C3FADE3EAAAD}"
EndProject
Global
	GlobalSection(SolutionConfigurationPlatforms) = preSolution
		Debug|Any CPU = Debug|Any CPU
		Release|Any CPU = Release|Any CPU
	EndGlobalSection
	GlobalSection(ProjectConfigurationPlatforms) = postSolution
		{2AEC677B-3E15-493E-BC51-62776C9A3F01}.Debug|Any CPU.ActiveCfg = Debug|Any CPU
		{2AEC677B-3E15-493E-BC51-62776C9A3F01}.Debug|Any CPU.Build.0 = Debug|Any CPU
		{2AEC677B-3E15-493E-BC51-62776C9A3F01}.Release|Any CPU.ActiveCfg = Release|Any CPU
		{2AEC677B-3E15-493E-BC51-62776C9A3F01}.Release|Any CPU.Build.0 = Release|Any CPU
		{1E251BA8-798F-405B-B844-79AD9E412A76}.Debug|Any CPU.ActiveCfg = Debug|Any CPU
		{1E251BA8-798F-405B-B844-79AD9E412A76}.Debug|Any CPU.Build.0 = Debug|Any CPU
		{1E251BA8-798F-405B-B844-79AD9E412A76}.Release|Any CPU.ActiveCfg = Release|Any CPU
		{1E251BA8-798F-405B-B844-79AD9E412A76}.Release|Any CPU.Build.0 = Release|Any CPU
		{C1CF9BA6-5F19-4AB6-9E63-688DA23E8D11}.Debug|Any CPU.ActiveCfg = Debug|Any CPU
		{C1CF9BA6-5F19-4AB6-9E63-688DA23E8D11}.Debug|Any CPU.Build.0 = Debug|Any CPU
		{C1CF9BA6-5F19-4AB6-9E63-688DA23E8D11}.Release|Any CPU.ActiveCfg = Release|Any CPU
		{C1CF9BA6-5F19-4AB6-9E63-688DA23E8D11}.Release|Any CPU.Build.0 = Release|Any CPU
		{8055EAAE-625C-4FA8-948A-C3FADE3EAAAD}.Debug|Any CPU.ActiveCfg = Debug|Any CPU
		{8055EAAE-625C-4FA8-948A-C3FADE3EAAAD}.Debug|Any CPU.Build.0 = Debug|Any CPU
		{8055EAAE-625C-4FA8-948A-C3FADE3EAAAD}.Release|Any CPU.ActiveCfg = Release|Any CPU
		{8055EAAE-625C-4FA8-948A-C3FADE3EAAAD}.Release|Any CPU.Build.0 = Release|Any CPU
	EndGlobalSection
	GlobalSection(SolutionProperties) = preSolution
		HideSolutionNode = FALSE
	EndGlobalSection
	GlobalSection(ExtensibilityGlobals) = postSolution
		SolutionGuid = {02FBF68B-5123-4A39-B267-9D1A64BF06B8}
	EndGlobalSection
EndGlobal
